
Microsoft Visual Studio Solution File, Format Version 12.00
# Visual Studio Version 17
VisualStudioVersion = 17.0.31903.59
MinimumVisualStudioVersion = 10.0.40219.1
Project("{FAE04EC0-301F-11D3-BF4B-00C04F79EFBC}") = "ASPBegin", "ASPBegin.csproj", "{856226E1-8BB3-4E6A-A061-44520ED03630}"
EndProject
Global
	GlobalSection(SolutionConfigurationPlatforms) = preSolution
		Debug|Any CPU = Debug|Any CPU
		Release|Any CPU = Release|Any CPU
	EndGlobalSection
	GlobalSection(ProjectConfigurationPlatforms) = postSolution
		{856226E1-8BB3-4E6A-A061-44520ED03630}.Debug|Any CPU.ActiveCfg = Debug|Any CPU
		{856226E1-8BB3-4E6A-A061-44520ED03630}.Debug|Any CPU.Build.0 = Debug|Any CPU
		{856226E1-8BB3-4E6A-A061-44520ED03630}.Release|Any CPU.ActiveCfg = Release|Any CPU
		{856226E1-8BB3-4E6A-A061-44520ED03630}.Release|Any CPU.Build.0 = Release|Any CPU
	EndGlobalSection
	GlobalSection(SolutionProperties) = preSolution
		HideSolutionNode = FALSE
	EndGlobalSection
	GlobalSection(ExtensibilityGlobals) = postSolution
		SolutionGuid = {180F1514-B16D-4A77-9248-42FDA4DB723C}
	EndGlobalSection
EndGlobal
